---
lockfileVersion: '9.0'

importers:

  .:
    configDependencies: {}
    packageManagerDependencies:
      '@pnpm/exe':
        specifier: 11.1.2
        version: 11.1.2
      pnpm:
        specifier: 11.1.2
        version: 11.1.2

packages:

  '@pnpm/exe@11.1.2':
    resolution: {integrity: sha512-di6YvqPO/2jvih6kCJ8r0ySzQNjQWrBXPEfqEHtrmwOamuNALnfASwhFBwEtMjWmaA8QG7TqAg2qEvAe+8cBkQ==}
    hasBin: true

  '@pnpm/linux-arm64@11.1.2':
    resolution: {integrity: sha512-VdyZw4LsGm2v+645a7sZsb3MyjrRizTsV7wtpzIySJGYgc7nnQeTzw5QSI5xaoRf/ge0PTKDG8BeRqJOs+KpAg==}
    cpu: [arm64]
    os: [linux]

  '@pnpm/linux-x64@11.1.2':
    resolution: {integrity: sha512-WTyDmmeQFLDlPJXDFNqJXrEmEjE78dJDXo3VSz7O/xXpC2nPwY38nVxthPGd+6t9SKmGDx/s4RLOjjKo82Hbig==}
    cpu: [x64]
    os: [linux]

  '@pnpm/linuxstatic-arm64@11.1.2':
    resolution: {integrity: sha512-eIpUghshpgEAtSBv/uSRM+7jBaUVcEpP4sInlOuRYDK+Wg091lQ5Gv5uOxgiHAqs3LWku3lRF81EReKyHehYUQ==}
    cpu: [arm64]
    os: [linux]
    libc: [musl]

  '@pnpm/linuxstatic-x64@11.1.2':
    resolution: {integrity: sha512-sYJxMj7zrR8ZSGqvqai3fWJ95VAZtuDYUAluDXQ/VZ3/7+FqikbXqokitTt0yCGSOzbO8u7zseW8EsOqxf93Qw==}
    cpu: [x64]
    os: [linux]
    libc: [musl]

  '@pnpm/macos-arm64@11.1.2':
    resolution: {integrity: sha512-eqwJeQbqgKRhLCgcVtb0Eaz3Ay6AspOkioqhT00jN6dFwoUYi7Xo78rnZ2uSwVSp+Sij4Yyuvmu++ZPIeP9VrA==}
    cpu: [arm64]
    os: [darwin]

  '@pnpm/win-arm64@11.1.2':
    resolution: {integrity: sha512-MZzvuuODP/AI781f+x/lB9UuN2SHIGVn6W08SEWKdPIMxWqBGKXLd9QOuh6uRJ7UWC9AufFzhbVs0fSQxxEcng==}
    cpu: [arm64]
    os: [win32]

  '@pnpm/win-x64@11.1.2':
    resolution: {integrity: sha512-1B2ijW1Z68ehS4QkLVbD+oENz7ribCNpL5Hh5UMDdVm04KYmi2vDp2BW7SrC8AS6G4/5YUs5yFLJPY57CLJJ8A==}
    cpu: [x64]
    os: [win32]

  '@reflink/reflink-darwin-arm64@0.1.19':
    resolution: {integrity: sha512-ruy44Lpepdk1FqDz38vExBY/PVUsjxZA+chd9wozjUH9JjuDT/HEaQYA6wYN9mf041l0yLVar6BCZuWABJvHSA==}
    engines: {node: '>= 10'}
    cpu: [arm64]
    os: [darwin]

  '@reflink/reflink-darwin-x64@0.1.19':
    resolution: {integrity: sha512-By85MSWrMZa+c26TcnAy8SDk0sTUkYlNnwknSchkhHpGXOtjNDUOxJE9oByBnGbeuIE1PiQsxDG3Ud+IVV9yuA==}
    engines: {node: '>= 10'}
    cpu: [x64]
    os: [darwin]

  '@reflink/reflink-linux-arm64-gnu@0.1.19':
    resolution: {integrity: sha512-7P+er8+rP9iNeN+bfmccM4hTAaLP6PQJPKWSA4iSk2bNvo6KU6RyPgYeHxXmzNKzPVRcypZQTpFgstHam6maVg==}
    engines: {node: '>= 10'}
    cpu: [arm64]
    os: [linux]
    libc: [glibc]

  '@reflink/reflink-linux-arm64-musl@0.1.19':
    resolution: {integrity: sha512-37iO/Dp6m5DDaC2sf3zPtx/hl9FV3Xze4xoYidrxxS9bgP3S8ALroxRK6xBG/1TtfXKTvolvp+IjrUU6ujIGmA==}
    engines: {node: '>= 10'}
    cpu: [arm64]
    os: [linux]
    libc: [musl]

  '@reflink/reflink-linux-x64-gnu@0.1.19':
    resolution: {integrity: sha512-jbI8jvuYCaA3MVUdu8vLoLAFqC+iNMpiSuLbxlAgg7x3K5bsS8nOpTRnkLF7vISJ+rVR8W+7ThXlXlUQ93ulkw==}
    engines: {node: '>= 10'}
    cpu: [x64]
    os: [linux]
    libc: [glibc]

  '@reflink/reflink-linux-x64-musl@0.1.19':
    resolution: {integrity: sha512-e9FBWDe+lv7QKAwtKOt6A2W/fyy/aEEfr0g6j/hWzvQcrzHCsz07BNQYlNOjTfeytrtLU7k449H1PI95jA4OjQ==}
    engines: {node: '>= 10'}
    cpu: [x64]
    os: [linux]
    libc: [musl]

  '@reflink/reflink-win32-arm64-msvc@0.1.19':
    resolution: {integrity: sha512-09PxnVIQcd+UOn4WAW73WU6PXL7DwGS6wPlkMhMg2zlHHG65F3vHepOw06HFCq+N42qkaNAc8AKIabWvtk6cIQ==}
    engines: {node: '>= 10'}
    cpu: [arm64]
    os: [win32]

  '@reflink/reflink-win32-x64-msvc@0.1.19':
    resolution: {integrity: sha512-E//yT4ni2SyhwP8JRjVGWr3cbnhWDiPLgnQ66qqaanjjnMiu3O/2tjCPQXlcGc/DEYofpDc9fvhv6tALQsMV9w==}
    engines: {node: '>= 10'}
    cpu: [x64]
    os: [win32]

  '@reflink/reflink@0.1.19':
    resolution: {integrity: sha512-DmCG8GzysnCZ15bres3N5AHCmwBwYgp0As6xjhQ47rAUTUXxJiK+lLUxaGsX3hd/30qUpVElh05PbGuxRPgJwA==}
    engines: {node: '>= 10'}

  detect-libc@2.1.2:
    resolution: {integrity: sha512-Btj2BOOO83o3WyH59e8MgXsxEQVcarkUOpEYrubB0urwnN10yQ364rsiByU11nZlqWYZm05i/of7io4mzihBtQ==}
    engines: {node: '>=8'}

  pnpm@11.1.2:
    resolution: {integrity: sha512-QVocwll0cx51RVwUaDcb50xapft2IbUNQFbSIkUWCfEUEvI/1gLmFp8eBgRmZB95hZfhvpYaEGiINqZ7FlaUmQ==}
    engines: {node: '>=22.13'}
    hasBin: true

snapshots:

  '@pnpm/exe@11.1.2':
    dependencies:
      '@reflink/reflink': 0.1.19
      detect-libc: 2.1.2
    optionalDependencies:
      '@pnpm/linux-arm64': 11.1.2
      '@pnpm/linux-x64': 11.1.2
      '@pnpm/linuxstatic-arm64': 11.1.2
      '@pnpm/linuxstatic-x64': 11.1.2
      '@pnpm/macos-arm64': 11.1.2
      '@pnpm/win-arm64': 11.1.2
      '@pnpm/win-x64': 11.1.2

  '@pnpm/linux-arm64@11.1.2':
    optional: true

  '@pnpm/linux-x64@11.1.2':
    optional: true

  '@pnpm/linuxstatic-arm64@11.1.2':
    optional: true

  '@pnpm/linuxstatic-x64@11.1.2':
    optional: true

  '@pnpm/macos-arm64@11.1.2':
    optional: true

  '@pnpm/win-arm64@11.1.2':
    optional: true

  '@pnpm/win-x64@11.1.2':
    optional: true

  '@reflink/reflink-darwin-arm64@0.1.19':
    optional: true

  '@reflink/reflink-darwin-x64@0.1.19':
    optional: true

  '@reflink/reflink-linux-arm64-gnu@0.1.19':
    optional: true

  '@reflink/reflink-linux-arm64-musl@0.1.19':
    optional: true

  '@reflink/reflink-linux-x64-gnu@0.1.19':
    optional: true

  '@reflink/reflink-linux-x64-musl@0.1.19':
    optional: true

  '@reflink/reflink-win32-arm64-msvc@0.1.19':
    optional: true

  '@reflink/reflink-win32-x64-msvc@0.1.19':
    optional: true

  '@reflink/reflink@0.1.19':
    optionalDependencies:
      '@reflink/reflink-darwin-arm64': 0.1.19
      '@reflink/reflink-darwin-x64': 0.1.19
      '@reflink/reflink-linux-arm64-gnu': 0.1.19
      '@reflink/reflink-linux-arm64-musl': 0.1.19
      '@reflink/reflink-linux-x64-gnu': 0.1.19
      '@reflink/reflink-linux-x64-musl': 0.1.19
      '@reflink/reflink-win32-arm64-msvc': 0.1.19
      '@reflink/reflink-win32-x64-msvc': 0.1.19

  detect-libc@2.1.2: {}

  pnpm@11.1.2: {}

---
lockfileVersion: '9.0'

settings:
  autoInstallPeers: true
  excludeLinksFromLockfile: false

catalogs:
  default:
    lefthook:
      specifier: 2.1.12
      version: 2.1.12
    oxfmt:
      specifier: 0.67.0
      version: 0.67.0

importers:

  .:
    devDependencies:
      lefthook:
        specifier: 'catalog:'
        version: 2.1.12
      node:
        specifier: runtime:26.2.0
        version: runtime:26.2.0
      oxfmt:
        specifier: 'catalog:'
        version: 0.67.0

packages:

  '@oxfmt/binding-android-arm-eabi@0.67.0':
    resolution: {integrity: sha512-2olh3ioEmc4gRzQm7jxyB1b/PFBoFvTq8KdgYySeNpysDtA6DEg2Mvya4/I6flhL7G0eOrE8RD7JCNCIMhE16Q==}
    engines: {node: ^20.19.0 || >=22.12.0}
    cpu: [arm]
    os: [android]

  '@oxfmt/binding-android-arm64@0.67.0':
    resolution: {integrity: sha512-ulfw8EHN1MBq/MFFDXw2/M1VAFu5mRUcnuZ8Hqbv9viAnFzO9t1jKSAsDqKYYDGMlytF/uj6Z5z5n/tHupnKhw==}
    engines: {node: ^20.19.0 || >=22.12.0}
    cpu: [arm64]
    os: [android]

  '@oxfmt/binding-darwin-arm64@0.67.0':
    resolution: {integrity: sha512-MfONZx/O2o9M5v2jDFol556G9+A+P9xCuJ4DZ+qhE+RnaCdoscy6Eu5nq1dbuNxhwdJyZ6kLI7fnG9mwEeOeGg==}
    engines: {node: ^20.19.0 || >=22.12.0}
    cpu: [arm64]
    os: [darwin]

  '@oxfmt/binding-darwin-x64@0.67.0':
    resolution: {integrity: sha512-CYnIx5LvFVJnyJcCqwH2jxMKjFjqo5678MPjdmNFoSGMhlOvZ/xRZqvhDcolKrXc8fezW3AKh+C4wyoFuWOSSg==}
    engines: {node: ^20.19.0 || >=22.12.0}
    cpu: [x64]
    os: [darwin]

  '@oxfmt/binding-freebsd-x64@0.67.0':
    resolution: {integrity: sha512-7/iF1orvIS9mxhKUqnmtMgm+OrSQ5acPwuvdQrm6ECgqbwPmC+Pw9cdke3sNfVN6pT2hbJ58+jP8BCThl5HXOg==}
    engines: {node: ^20.19.0 || >=22.12.0}
    cpu: [x64]
    os: [freebsd]

  '@oxfmt/binding-linux-arm-gnueabihf@0.67.0':
    resolution: {integrity: sha512-yy+OGys07IZOpOmYPZoObKyUQLkfxeQqeCypk+1jaZd8HGo77hzvU1Jg8X3+W75o+9lszOjBfg0nkGtlwYywXw==}
    engines: {node: ^20.19.0 || >=22.12.0}
    cpu: [arm]
    os: [linux]

  '@oxfmt/binding-linux-arm-musleabihf@0.67.0':
    resolution: {integrity: sha512-wPIeeigXgJpwNw3wydYRt3U9iN9Y/ejpOZuYL9IA7igxWs7LIQMOkhKxTumRvy6dIv0iXKk3RTw3Vmjg0i+2sg==}
    engines: {node: ^20.19.0 || >=22.12.0}
    cpu: [arm]
    os: [linux]

  '@oxfmt/binding-linux-arm64-gnu@0.67.0':
    resolution: {integrity: sha512-0+XNxcdbkTfxdcD4qW6Ci9n+mBNJ8xTBumnxKvKBmRFOdx0Wf8/KiHjCJayooXmYkqRpRVd98Q5egvzx5BLSgQ==}
    engines: {node: ^20.19.0 || >=22.12.0}
    cpu: [arm64]
    os: [linux]
    libc: [glibc]

  '@oxfmt/binding-linux-arm64-musl@0.67.0':
    resolution: {integrity: sha512-I75LKPJyNOYUzkqAiAMIE31+Ye7xtQXZdoty1IXn4B+bw5Zpmez5wfG19ejGpNnS/BzQ7LFS+7jxuTPb+vHiZw==}
    engines: {node: ^20.19.0 || >=22.12.0}
    cpu: [arm64]
    os: [linux]
    libc: [musl]

  '@oxfmt/binding-linux-ppc64-gnu@0.67.0':
    resolution: {integrity: sha512-c2M5iRpe1QMZSRE/UvZoPdXBWb5Ic/ycvOyNiKCqPwQ/OyOKIMiJs02ynlNnjb7ZZJnRXYLmGcohoINOcwDK3w==}
    engines: {node: ^20.19.0 || >=22.12.0}
    cpu: [ppc64]
    os: [linux]
    libc: [glibc]

  '@oxfmt/binding-linux-riscv64-gnu@0.67.0':
    resolution: {integrity: sha512-dQzzYlV24Udhfm5ECuSdgqRvFJU/CGHzcYYEO3dLM6W6+CHiBFrq9OjIllkdCcPhsoSQ8o223Dja84MOSzed9A==}
    engines: {node: ^20.19.0 || >=22.12.0}
    cpu: [riscv64]
    os: [linux]
    libc: [glibc]

  '@oxfmt/binding-linux-riscv64-musl@0.67.0':
    resolution: {integrity: sha512-rFNq1CgX4qMJANOq42LkAs90JE80GpiaEohAV2qn/gT2hGjQTW1zBO5zQBxArI4926pM1OSzo3CN0tBszGBIaA==}
    engines: {node: ^20.19.0 || >=22.12.0}
    cpu: [riscv64]
    os: [linux]
    libc: [musl]

  '@oxfmt/binding-linux-s390x-gnu@0.67.0':
    resolution: {integrity: sha512-Sky6rEdz2o5IGq01lPhS12yEvDdChVEcaYrcLHkveh4Fx0qPjljE/Iul6SX/bRMl6lNc8J7J/mDQdzgBdA++Pg==}
    engines: {node: ^20.19.0 || >=22.12.0}
    cpu: [s390x]
    os: [linux]
    libc: [glibc]

  '@oxfmt/binding-linux-x64-gnu@0.67.0':
    resolution: {integrity: sha512-vPXmlNORV8AZq2Ocxh07pxwMjfENUWCV/eZArnao0qC3NO/hDeTVkQvee7SJJUbIiF5PZbBa4kYmaXnu7Rk58w==}
    engines: {node: ^20.19.0 || >=22.12.0}
    cpu: [x64]
    os: [linux]
    libc: [glibc]

  '@oxfmt/binding-linux-x64-musl@0.67.0':
    resolution: {integrity: sha512-x/WAtFqYtVr3vZ9ni8nr4kn9whSitg8fOljq/pZzBpxopRdY1BMLZCZkrbIbaBcYkm46qGbqVea2FCWmtQ2P9w==}
    engines: {node: ^20.19.0 || >=22.12.0}
    cpu: [x64]
    os: [linux]
    libc: [musl]

  '@oxfmt/binding-openharmony-arm64@0.67.0':
    resolution: {integrity: sha512-eRw9Neh4/aA6i+q/R3WU1gGQINhVM0J4fXIm6t27caOamkr/37uAkp1IdBx4zlJH97hmXR63z/q9n5c5dN7MzA==}
    engines: {node: ^20.19.0 || >=22.12.0}
    cpu: [arm64]
    os: [openharmony]

  '@oxfmt/binding-win32-arm64-msvc@0.67.0':
    resolution: {integrity: sha512-YIMvb+sGNYN2uc6+QK2HLPeEKM2vl7QZ5onQzpAJRb6pnf0DwUFP5R8tdS9R0l8hdUil2gu4Uxd0Yxrop0iT4w==}
    engines: {node: ^20.19.0 || >=22.12.0}
    cpu: [arm64]
    os: [win32]

  '@oxfmt/binding-win32-ia32-msvc@0.67.0':
    resolution: {integrity: sha512-LzmU9MyACPzwNDIK0ItMedHPz735Ug7ELWguxo4/kuy6zWuDoeglOAEFCY8jLg0PzRpFO3hDyLFe2Gu2eFDeGA==}
    engines: {node: ^20.19.0 || >=22.12.0}
    cpu: [ia32]
    os: [win32]

  '@oxfmt/binding-win32-x64-msvc@0.67.0':
    resolution: {integrity: sha512-sbQOIDNLUEeVZcAJcSL5VURn7kfjvilPviody4Yl5n8lQCDtUm+C9oHTTwZS/m4d/Z6Vv3jNEiAofH932NPPCg==}
    engines: {node: ^20.19.0 || >=22.12.0}
    cpu: [x64]
    os: [win32]

  lefthook-darwin-arm64@2.1.12:
    resolution: {integrity: sha512-GSUjqaCuxAYlPOovbjXEWE3HAIa/xOQkTTmZ937zieQldjPLTaC7+s5FHoxKywn+D9riBlofkDqG7Z4f5zzmPA==}
    cpu: [arm64]
    os: [darwin]

  lefthook-darwin-x64@2.1.12:
    resolution: {integrity: sha512-qAUHSSw/7Afi5wxkoLkxORxSicCeTBXyVLnRgD6YZra6udviozpK3Aok9Z6FIWeKc5FBijRMSNDxGPTREhsjcQ==}
    cpu: [x64]
    os: [darwin]

  lefthook-freebsd-arm64@2.1.12:
    resolution: {integrity: sha512-FHZRfKliFNbyz54zsoGdVe9muq67cNjBTZ6jrPPUjI7xUuyCwSpzA+1OpiwJT00L9pP5ZGONBqnGZKnrpC+7Uw==}
    cpu: [arm64]
    os: [freebsd]

  lefthook-freebsd-x64@2.1.12:
    resolution: {integrity: sha512-HYQZPGy2DDEx7dbuotusJpujY5q9igOLgx36qeeQcNQuvvdGHPj2ZGSIsGKhoJ0dw5Qa4knKJoPAHEZQWdV/og==}
    cpu: [x64]
    os: [freebsd]

  lefthook-linux-arm64@2.1.12:
    resolution: {integrity: sha512-ipjOri2PB/sk4noPrHQuM5fcpNBjmlKo4qMtXyLnxeOxGYHWZzf0Xi0OtrXHQ//tOprcv40ADvhUuSdcGqigLw==}
    cpu: [arm64]
    os: [linux]

  lefthook-linux-x64@2.1.12:
    resolution: {integrity: sha512-DmU6xfvqVoFdW+STyc70YI4Ry8vkHGKHx+IJ1Js/Gacq5dv+fiwNzwle3bi28EkL6P8xY67B/CfQfRj4SRU4tg==}
    cpu: [x64]
    os: [linux]

  lefthook-openbsd-arm64@2.1.12:
    resolution: {integrity: sha512-vb0J7bElLvoaCWQmna3HntsvoNqMsGAhfjjC99ss1OdCteufZKM3RxCVoMBEbD50Itv2c1Ua2AFVToltVFTy1Q==}
    cpu: [arm64]
    os: [openbsd]

  lefthook-openbsd-x64@2.1.12:
    resolution: {integrity: sha512-QOmhDWqPPK4+99scanfEmbJjUR+JYC93qhr/0bp5Dj3LaR3kVFNWc6zOQUsOTPy/LC6PG759Lej/mr/BtjUL2Q==}
    cpu: [x64]
    os: [openbsd]

  lefthook-windows-arm64@2.1.12:
    resolution: {integrity: sha512-eErEyr9AHkRFj6TxpCQeKGd0s6IrtL/VEIZ/ssg8dNfG+ycR4jAW/IAlrJSw6/ZQXb3WtWLaQ6QA5c+TLh7vmg==}
    cpu: [arm64]
    os: [win32]

  lefthook-windows-x64@2.1.12:
    resolution: {integrity: sha512-0h+WmDVdDriTjloD/UbjPq/ZtqaaJlPAdGcVwMCEdAxfbF0FTgDbKX3igui9g2U/qG2y6QpVhtz1jeiRe7ctaw==}
    cpu: [x64]
    os: [win32]

  lefthook@2.1.12:
    resolution: {integrity: sha512-2uOexfsrrRhCiTUWdGyDySxVHHhOFJ8MQejs27dM3hugrQB48/z1ZVlaNoxpZ1SnzQ1GaDIbO5rAvicwyiknYQ==}
    hasBin: true

  node@runtime:26.2.0:
    resolution:
      type: variations
      variants:
        - resolution:
            archive: tarball
            bin:
              node: bin/node
            integrity: sha256-zvLmWJf5cIi1EvkiiWpW3j7AYU0CCBbvDst2KQ5wi4E=
            type: binary
            url: https://nodejs.org/download/release/v26.2.0/node-v26.2.0-aix-ppc64.tar.gz
          targets:
            - cpu: ppc64
              os: aix
        - resolution:
            archive: tarball
            bin:
              node: bin/node
            integrity: sha256-LYV1tqdJwLxmzG7NIqlS99m787Dqdvyw7TzoWAGK//c=
            type: binary
            url: https://nodejs.org/download/release/v26.2.0/node-v26.2.0-darwin-arm64.tar.gz
          targets:
            - cpu: arm64
              os: darwin
        - resolution:
            archive: tarball
            bin:
              node: bin/node
            integrity: sha256-JqVIDQ3ZUr6Gvq6D5mNtrNej/9F+9R0LJrybJg8rQuk=
            type: binary
            url: https://nodejs.org/download/release/v26.2.0/node-v26.2.0-darwin-x64.tar.gz
          targets:
            - cpu: x64
              os: darwin
        - resolution:
            archive: tarball
            bin:
              node: bin/node
            integrity: sha256-v1JGHSUBdHnNxUlkLE56IwOsXFOV18PQJtXYs/ooPAU=
            type: binary
            url: https://nodejs.org/download/release/v26.2.0/node-v26.2.0-linux-arm64.tar.gz
          targets:
            - cpu: arm64
              os: linux
        - resolution:
            archive: tarball
            bin:
              node: bin/node
            integrity: sha256-S1JCmzWgSaDPV0NgzRsRy8nwMgHROHbyaJfJhj0l7Ek=
            type: binary
            url: https://nodejs.org/download/release/v26.2.0/node-v26.2.0-linux-ppc64le.tar.gz
          targets:
            - cpu: ppc64le
              os: linux
        - resolution:
            archive: tarball
            bin:
              node: bin/node
            integrity: sha256-nQZJFOOKWz5qMHRkdAcZgRb3vHJPzlqWAM7OhKx9pnE=
            type: binary
            url: https://nodejs.org/download/release/v26.2.0/node-v26.2.0-linux-s390x.tar.gz
          targets:
            - cpu: s390x
              os: linux
        - resolution:
            archive: tarball
            bin:
              node: bin/node
            integrity: sha256-jltLlpuyQUrKL/hNK5lghRGu3KMr+KhCfmGH291wO74=
            type: binary
            url: https://nodejs.org/download/release/v26.2.0/node-v26.2.0-linux-x64.tar.gz
          targets:
            - cpu: x64
              os: linux
        - resolution:
            archive: zip
            bin:
              node: node.exe
            integrity: sha256-Ex76i9hY+K0AChoENti7EyDGOCkcd5qSH7IOVwKhzAo=
            prefix: node-v26.2.0-win-arm64
            type: binary
            url: https://nodejs.org/download/release/v26.2.0/node-v26.2.0-win-arm64.zip
          targets:
            - cpu: arm64
              os: win32
        - resolution:
            archive: zip
            bin:
              node: node.exe
            integrity: sha256-NxBxpPfiyKXdKAcwBJxoWRH+7MWfUOvEiNZ13BCHxpw=
            prefix: node-v26.2.0-win-x64
            type: binary
            url: https://nodejs.org/download/release/v26.2.0/node-v26.2.0-win-x64.zip
          targets:
            - cpu: x64
              os: win32
        - resolution:
            archive: tarball
            bin:
              node: bin/node
            integrity: sha256-RZPYIgEv4yOIFHIZCUCMZvKoKVXgFBRXZDp6TIThMv0=
            type: binary
            url: https://unofficial-builds.nodejs.org/download/release/v26.2.0/node-v26.2.0-linux-arm64-musl.tar.gz
          targets:
            - cpu: arm64
              os: linux
              libc: musl
        - resolution:
            archive: tarball
            bin:
              node: bin/node
            integrity: sha256-nvyZMy4c9w7rhWGDmEZ8nTObwgi+ZRFTgMYR3aTChAc=
            type: binary
            url: https://unofficial-builds.nodejs.org/download/release/v26.2.0/node-v26.2.0-linux-x64-musl.tar.gz
          targets:
            - cpu: x64
              os: linux
              libc: musl
    version: 26.2.0
    hasBin: true

  oxfmt@0.67.0:
    resolution: {integrity: sha512-vV7sSiPsaO0mSxdoUdayipVDFPzW/UQ+hrezEHa20+Tx1dnMdZLSRHMT0PdS67FFbhd74M1n08asW21aLGeCrA==}
    engines: {node: ^20.19.0 || >=22.12.0}
    hasBin: true
    peerDependencies:
      svelte: ^5.0.0
      vite-plus: '*'
    peerDependenciesMeta:
      svelte:
        optional: true
      vite-plus:
        optional: true

  tinypool@2.1.2:
    resolution: {integrity: sha512-9YodfrxS9g9IbFr/KOjE5bAeJ0p61n3bW6mqvy0jtoeKd1kTW1Cxm0oulm6KX2lyM9Gl6WIe8nEbY7LWv5ZJww==}
    engines: {node: ^20.0.0 || >=22.0.0}

snapshots:

  '@oxfmt/binding-android-arm-eabi@0.67.0':
    optional: true

  '@oxfmt/binding-android-arm64@0.67.0':
    optional: true

  '@oxfmt/binding-darwin-arm64@0.67.0':
    optional: true

  '@oxfmt/binding-darwin-x64@0.67.0':
    optional: true

  '@oxfmt/binding-freebsd-x64@0.67.0':
    optional: true

  '@oxfmt/binding-linux-arm-gnueabihf@0.67.0':
    optional: true

  '@oxfmt/binding-linux-arm-musleabihf@0.67.0':
    optional: true

  '@oxfmt/binding-linux-arm64-gnu@0.67.0':
    optional: true

  '@oxfmt/binding-linux-arm64-musl@0.67.0':
    optional: true

  '@oxfmt/binding-linux-ppc64-gnu@0.67.0':
    optional: true

  '@oxfmt/binding-linux-riscv64-gnu@0.67.0':
    optional: true

  '@oxfmt/binding-linux-riscv64-musl@0.67.0':
    optional: true

  '@oxfmt/binding-linux-s390x-gnu@0.67.0':
    optional: true

  '@oxfmt/binding-linux-x64-gnu@0.67.0':
    optional: true

  '@oxfmt/binding-linux-x64-musl@0.67.0':
    optional: true

  '@oxfmt/binding-openharmony-arm64@0.67.0':
    optional: true

  '@oxfmt/binding-win32-arm64-msvc@0.67.0':
    optional: true

  '@oxfmt/binding-win32-ia32-msvc@0.67.0':
    optional: true

  '@oxfmt/binding-win32-x64-msvc@0.67.0':
    optional: true

  lefthook-darwin-arm64@2.1.12:
    optional: true

  lefthook-darwin-x64@2.1.12:
    optional: true

  lefthook-freebsd-arm64@2.1.12:
    optional: true

  lefthook-freebsd-x64@2.1.12:
    optional: true

  lefthook-linux-arm64@2.1.12:
    optional: true

  lefthook-linux-x64@2.1.12:
    optional: true

  lefthook-openbsd-arm64@2.1.12:
    optional: true

  lefthook-openbsd-x64@2.1.12:
    optional: true

  lefthook-windows-arm64@2.1.12:
    optional: true

  lefthook-windows-x64@2.1.12:
    optional: true

  lefthook@2.1.12:
    optionalDependencies:
      lefthook-darwin-arm64: 2.1.12
      lefthook-darwin-x64: 2.1.12
      lefthook-freebsd-arm64: 2.1.12
      lefthook-freebsd-x64: 2.1.12
      lefthook-linux-arm64: 2.1.12
      lefthook-linux-x64: 2.1.12
      lefthook-openbsd-arm64: 2.1.12
      lefthook-openbsd-x64: 2.1.12
      lefthook-windows-arm64: 2.1.12
      lefthook-windows-x64: 2.1.12

  node@runtime:26.2.0: {}

  oxfmt@0.67.0:
    dependencies:
      tinypool: 2.1.2
    optionalDependencies:
      '@oxfmt/binding-android-arm-eabi': 0.67.0
      '@oxfmt/binding-android-arm64': 0.67.0
      '@oxfmt/binding-darwin-arm64': 0.67.0
      '@oxfmt/binding-darwin-x64': 0.67.0
      '@oxfmt/binding-freebsd-x64': 0.67.0
      '@oxfmt/binding-linux-arm-gnueabihf': 0.67.0
      '@oxfmt/binding-linux-arm-musleabihf': 0.67.0
      '@oxfmt/binding-linux-arm64-gnu': 0.67.0
      '@oxfmt/binding-linux-arm64-musl': 0.67.0
      '@oxfmt/binding-linux-ppc64-gnu': 0.67.0
      '@oxfmt/binding-linux-riscv64-gnu': 0.67.0
      '@oxfmt/binding-linux-riscv64-musl': 0.67.0
      '@oxfmt/binding-linux-s390x-gnu': 0.67.0
      '@oxfmt/binding-linux-x64-gnu': 0.67.0
      '@oxfmt/binding-linux-x64-musl': 0.67.0
      '@oxfmt/binding-openharmony-arm64': 0.67.0
      '@oxfmt/binding-win32-arm64-msvc': 0.67.0
      '@oxfmt/binding-win32-ia32-msvc': 0.67.0
      '@oxfmt/binding-win32-x64-msvc': 0.67.0

  tinypool@2.1.2: {}
